#MicroXplorer Configuration settings - do not modify
ADC1.Channel-0\#ChannelRegularConversion=ADC_CHANNEL_3
ADC1.Channel-IN3=ADC_CHANNEL_3
ADC1.ClockPrescaler=ADC_CLOCK_SYNC_PCLK_DIV2
ADC1.ContinuousConvMode=DISABLE
ADC1.DMAContinuousRequests=DISABLE
ADC1.DataAlign=ADC_DATAALIGN_RIGHT
ADC1.DiscontinuousConvMode=DISABLE
ADC1.EOCSelection=ADC_EOC_SINGLE_CONV
ADC1.EnableAnalogWatchDog=false
ADC1.ExternalTrigConv=ADC_SOFTWARE_START
ADC1.ExternalTrigConvEdge=ADC_EXTERNALTRIGCONVEDGE_NONE
ADC1.IPParameters=Channel-IN3,Mode,ClockPrescaler,Resolution,DataAlign,ScanConvMode,ContinuousConvMode,DiscontinuousConvMode,DMAContinuousRequests,EOCSelection,NbrOfConversion,ExternalTrigConv,ExternalTrigConvEdge,InjNumberOfConversion,EnableAnalogWatchDog,Rank-0\#ChannelRegularConversion,Channel-0\#ChannelRegularConversion,SamplingTime-0\#ChannelRegularConversion,master
ADC1.InjNumberOfConversion=0
ADC1.Mode=__NULL
ADC1.NbrOfConversion=1
ADC1.Rank-0\#ChannelRegularConversion=1
ADC1.Resolution=ADC_RESOLUTION_12B
ADC1.SamplingTime-0\#ChannelRegularConversion=ADC_SAMPLETIME_3CYCLES
ADC1.ScanConvMode=ADC_SCAN_DISABLE
ADC1.master=1
ADC2.Channel-0\#ChannelRegularConversion=ADC_CHANNEL_13
ADC2.Channel-IN13=ADC_CHANNEL_13
ADC2.ClockPrescaler=ADC_CLOCK_SYNC_PCLK_DIV2
ADC2.ContinuousConvMode=DISABLE
ADC2.DMAContinuousRequests=DISABLE
ADC2.DataAlign=ADC_DATAALIGN_RIGHT
ADC2.DiscontinuousConvMode=DISABLE
ADC2.EOCSelection=ADC_EOC_SINGLE_CONV
ADC2.EnableAnalogWatchDog=false
ADC2.ExternalTrigConv=ADC_SOFTWARE_START
ADC2.ExternalTrigConvEdge=ADC_EXTERNALTRIGCONVEDGE_NONE
ADC2.IPParameters=Channel-IN13,Mode,ClockPrescaler,Resolution,DataAlign,ScanConvMode,ContinuousConvMode,DiscontinuousConvMode,DMAContinuousRequests,EOCSelection,NbrOfConversion,ExternalTrigConv,ExternalTrigConvEdge,InjNumberOfConversion,EnableAnalogWatchDog,Rank-0\#ChannelRegularConversion,Channel-0\#ChannelRegularConversion,SamplingTime-0\#ChannelRegularConversion
ADC2.InjNumberOfConversion=0
ADC2.Mode=__NULL
ADC2.NbrOfConversion=1
ADC2.Rank-0\#ChannelRegularConversion=1
ADC2.Resolution=ADC_RESOLUTION_12B
ADC2.SamplingTime-0\#ChannelRegularConversion=ADC_SAMPLETIME_3CYCLES
ADC2.ScanConvMode=ADC_SCAN_DISABLE
ADC3.Channel-0\#ChannelRegularConversion=ADC_CHANNEL_10
ADC3.Channel-IN10=ADC_CHANNEL_10
ADC3.ClockPrescaler=ADC_CLOCK_SYNC_PCLK_DIV2
ADC3.ContinuousConvMode=DISABLE
ADC3.DMAContinuousRequests=DISABLE
ADC3.DataAlign=ADC_DATAALIGN_RIGHT
ADC3.DiscontinuousConvMode=DISABLE
ADC3.EOCSelection=ADC_EOC_SINGLE_CONV
ADC3.EnableAnalogWatchDog=false
ADC3.ExternalTrigConv=ADC_SOFTWARE_START
ADC3.ExternalTrigConvEdge=ADC_EXTERNALTRIGCONVEDGE_NONE
ADC3.IPParameters=Channel-IN10,ClockPrescaler,Resolution,DataAlign,ScanConvMode,ContinuousConvMode,DiscontinuousConvMode,DMAContinuousRequests,EOCSelection,NbrOfConversion,ExternalTrigConv,ExternalTrigConvEdge,InjNumberOfConversion,EnableAnalogWatchDog,Rank-0\#ChannelRegularConversion,Channel-0\#ChannelRegularConversion,SamplingTime-0\#ChannelRegularConversion
ADC3.InjNumberOfConversion=0
ADC3.NbrOfConversion=1
ADC3.Rank-0\#ChannelRegularConversion=1
ADC3.Resolution=ADC_RESOLUTION_12B
ADC3.SamplingTime-0\#ChannelRegularConversion=ADC_SAMPLETIME_3CYCLES
ADC3.ScanConvMode=ADC_SCAN_DISABLE
CAD.formats=[]
CAD.pinconfig=Dual
CAD.provider=
CAN1.ABOM=ENABLE
CAN1.AWUM=DISABLE
CAN1.BS1=CAN_BS1_2TQ
CAN1.BS2=CAN_BS2_1TQ
CAN1.CalculateBaudRate=500000
CAN1.CalculateTimeBit=2000
CAN1.CalculateTimeQuantum=500.0
CAN1.IPParameters=Prescaler,BS1,BS2,SJW,TTCM,ABOM,AWUM,NART,RFLM,TXFP,Mode,CalculateTimeQuantum,CalculateTimeBit,CalculateBaudRate
CAN1.Mode=CAN_MODE_NORMAL
CAN1.NART=DISABLE
CAN1.Prescaler=18
CAN1.RFLM=DISABLE
CAN1.SJW=CAN_SJW_1TQ
CAN1.TTCM=DISABLE
CAN1.TXFP=DISABLE
CAN2.ABOM=ENABLE
CAN2.AWUM=DISABLE
CAN2.BS1=CAN_BS1_2TQ
CAN2.BS2=CAN_BS2_1TQ
CAN2.CalculateBaudRate=500000
CAN2.CalculateTimeBit=2000
CAN2.CalculateTimeQuantum=500.0
CAN2.IPParameters=Prescaler,BS1,BS2,SJW,TTCM,ABOM,AWUM,NART,RFLM,TXFP,Mode,CalculateTimeQuantum,CalculateTimeBit,CalculateBaudRate
CAN2.Mode=CAN_MODE_NORMAL
CAN2.NART=DISABLE
CAN2.Prescaler=18
CAN2.RFLM=DISABLE
CAN2.SJW=CAN_SJW_1TQ
CAN2.TTCM=DISABLE
CAN2.TXFP=DISABLE
CORTEX_M7.ART_ACCELERATOR_ENABLE=0
CORTEX_M7.CPU_DCache=Disabled
CORTEX_M7.CPU_ICache=Disabled
CORTEX_M7.FlashInterface=AXI_Enabled
CORTEX_M7.IPParameters=default_mode_Activation,FlashInterface,ART_ACCELERATOR_ENABLE,PREFETCH_ENABLE,CPU_ICache,CPU_DCache,MPU_Control
CORTEX_M7.MPU_Control=__NULL
CORTEX_M7.PREFETCH_ENABLE=0
CORTEX_M7.default_mode_Activation=0
File.Version=6
GPIO.groupedBy=Group By Peripherals
KeepUserPlacement=false
Mcu.CPN=STM32F746ZGT6
Mcu.Family=STM32F7
Mcu.IP0=ADC1
Mcu.IP1=ADC2
Mcu.IP2=ADC3
Mcu.IP3=CAN1
Mcu.IP4=CAN2
Mcu.IP5=CORTEX_M7
Mcu.IP6=NVIC
Mcu.IP7=RCC
Mcu.IP8=SYS
Mcu.IP9=USART1
Mcu.IPNb=10
Mcu.Name=STM32F746ZGTx
Mcu.Package=LQFP144
Mcu.Pin0=PE3
Mcu.Pin1=PE4
Mcu.Pin10=PF5
Mcu.Pin11=PF10
Mcu.Pin12=PH0/OSC_IN
Mcu.Pin13=PH1/OSC_OUT
Mcu.Pin14=PC0
Mcu.Pin15=PC3
Mcu.Pin16=PA0/WKUP
Mcu.Pin17=PA3
Mcu.Pin18=PB0
Mcu.Pin19=PF14
Mcu.Pin2=PE5
Mcu.Pin20=PF15
Mcu.Pin21=PE9
Mcu.Pin22=PE11
Mcu.Pin23=PB12
Mcu.Pin24=PB14
Mcu.Pin25=PA9
Mcu.Pin26=PA10
Mcu.Pin27=PA13
Mcu.Pin28=PA14
Mcu.Pin29=PA15
Mcu.Pin3=PE6
Mcu.Pin30=PD0
Mcu.Pin31=PD1
Mcu.Pin32=PB3
Mcu.Pin33=PB4
Mcu.Pin34=PB6
Mcu.Pin35=PB7
Mcu.Pin36=PB8
Mcu.Pin37=PB9
Mcu.Pin38=VP_SYS_VS_tim3
Mcu.Pin39=VP_STMicroelectronics.X-CUBE-AZRTOS-F7_VS_RTOSJjThreadX_6.1.10_1.1.0
Mcu.Pin4=PC13
Mcu.Pin5=PC14/OSC32_IN
Mcu.Pin6=PC15/OSC32_OUT
Mcu.Pin7=PF1
Mcu.Pin8=PF2
Mcu.Pin9=PF3
Mcu.PinsNb=40
Mcu.ThirdParty0=STMicroelectronics.X-CUBE-AZRTOS-F7.1.1.0
Mcu.ThirdPartyNb=1
Mcu.UserConstants=
Mcu.UserName=STM32F746ZGTx
MxCube.Version=6.9.2
MxDb.Version=DB.6.0.92
NVIC.BusFault_IRQn=true\:0\:0\:false\:false\:true\:false\:false\:false\:false
NVIC.CAN1_RX0_IRQn=true\:0\:0\:false\:false\:true\:false\:false\:true\:true
NVIC.CAN1_RX1_IRQn=true\:0\:0\:false\:false\:true\:false\:false\:true\:true
NVIC.CAN1_TX_IRQn=true\:0\:0\:false\:false\:true\:false\:false\:true\:true
NVIC.CAN2_RX0_IRQn=true\:0\:0\:false\:false\:true\:false\:false\:true\:true
NVIC.CAN2_RX1_IRQn=true\:0\:0\:false\:false\:true\:false\:false\:true\:true
NVIC.CAN2_TX_IRQn=true\:0\:0\:false\:false\:true\:false\:false\:true\:true
NVIC.DebugMonitor_IRQn=true\:0\:0\:false\:false\:true\:false\:false\:false\:false
NVIC.EXTI15_10_IRQn=true\:0\:0\:false\:false\:true\:false\:false\:true\:true
NVIC.ForceEnableDMAVector=true
NVIC.HardFault_IRQn=true\:0\:0\:false\:false\:true\:false\:false\:false\:false
NVIC.MemoryManagement_IRQn=true\:0\:0\:false\:false\:true\:false\:false\:false\:false
NVIC.NonMaskableInt_IRQn=true\:0\:0\:false\:false\:true\:false\:false\:false\:false
NVIC.PendSV_IRQn=true\:0\:0\:false\:false\:false\:false\:false\:false\:false
NVIC.PriorityGroup=NVIC_PRIORITYGROUP_4
NVIC.SVCall_IRQn=true\:0\:0\:false\:false\:false\:false\:false\:false\:false
NVIC.SavedPendsvIrqHandlerGenerated=false
NVIC.SavedSvcallIrqHandlerGenerated=false
NVIC.SavedSystickIrqHandlerGenerated=false
NVIC.SysTick_IRQn=true\:0\:0\:false\:false\:false\:false\:false\:true\:false
NVIC.TIM3_IRQn=true\:15\:0\:false\:false\:true\:false\:false\:true\:true
NVIC.TimeBase=TIM3_IRQn
NVIC.TimeBaseIP=TIM3
NVIC.UsageFault_IRQn=true\:0\:0\:false\:false\:true\:false\:false\:false\:false
PA0/WKUP.GPIOParameters=GPIO_Label
PA0/WKUP.GPIO_Label=DRS
PA0/WKUP.Locked=true
PA0/WKUP.Signal=GPIO_Output
PA10.Locked=true
PA10.Mode=Asynchronous
PA10.Signal=USART1_RX
PA13.GPIOParameters=GPIO_Label
PA13.GPIO_Label=TMS
PA13.Locked=true
PA13.Mode=JTAG_5_pins
PA13.Signal=SYS_JTMS-SWDIO
PA14.GPIOParameters=GPIO_Label
PA14.GPIO_Label=TCK
PA14.Locked=true
PA14.Mode=JTAG_5_pins
PA14.Signal=SYS_JTCK-SWCLK
PA15.Locked=true
PA15.Mode=JTAG_5_pins
PA15.Signal=SYS_JTDI
PA3.GPIOParameters=GPIO_Label
PA3.GPIO_Label=APPS_1_ADC
PA3.Locked=true
PA3.Signal=ADCx_IN3
PA9.Locked=true
PA9.Mode=Asynchronous
PA9.Signal=USART1_TX
PB0.GPIOParameters=GPIO_Label
PB0.GPIO_Label=GREEN_LED
PB0.Locked=true
PB0.Signal=GPIO_Output
PB12.GPIOParameters=GPIO_PuPd
PB12.GPIO_PuPd=GPIO_PULLUP
PB12.Mode=CAN_Activate
PB12.Signal=CAN1_RX
PB14.GPIOParameters=GPIO_Label
PB14.GPIO_Label=RED_LED
PB14.Locked=true
PB14.Signal=GPIO_Output
PB3.Locked=true
PB3.Mode=JTAG_5_pins
PB3.Signal=SYS_JTDO-SWO
PB4.Locked=true
PB4.Mode=JTAG_5_pins
PB4.Signal=SYS_JTRST
PB6.GPIOParameters=GPIO_PuPd
PB6.GPIO_PuPd=GPIO_PULLUP
PB6.Mode=CAN_Activate
PB6.Signal=CAN1_TX
PB7.GPIOParameters=GPIO_Label
PB7.GPIO_Label=BLUE_LED
PB7.Locked=true
PB7.Signal=GPIO_Output
PB8.Locked=true
PB8.Signal=I2C1_SCL
PB9.Locked=true
PB9.Signal=I2C1_SDA
PC0.GPIOParameters=GPIO_Label
PC0.GPIO_Label=BPS_ADC
PC0.Locked=true
PC0.Signal=ADCx_IN10
PC13.GPIOParameters=GPIO_Label
PC13.GPIO_Label=USER_BUTTON
PC13.Locked=true
PC13.Signal=GPXTI13
PC14/OSC32_IN.Locked=true
PC14/OSC32_IN.Signal=RCC_OSC32_IN
PC15/OSC32_OUT.Locked=true
PC15/OSC32_OUT.Signal=RCC_OSC32_OUT
PC3.GPIOParameters=GPIO_Label
PC3.GPIO_Label=APPS_2_ADC
PC3.Locked=true
PC3.Signal=ADCx_IN13
PD0.GPIOParameters=GPIO_PuPd
PD0.GPIO_PuPd=GPIO_PULLUP
PD0.Mode=CAN_Activate
PD0.Signal=CAN2_RX
PD1.GPIOParameters=GPIO_PuPd
PD1.GPIO_PuPd=GPIO_PULLUP
PD1.Mode=CAN_Activate
PD1.Signal=CAN2_TX
PE11.GPIOParameters=GPIO_Label
PE11.GPIO_Label=BRAKE_PRESSED
PE11.Locked=true
PE11.Signal=GPIO_Output
PE3.GPIOParameters=GPIO_Label
PE3.GPIO_Label=VC_LEDS
PE3.Locked=true
PE3.Signal=GPIO_Output
PE4.GPIOParameters=GPIO_Label
PE4.GPIO_Label=DRS_LED
PE4.Locked=true
PE4.Signal=GPIO_Output
PE5.GPIOParameters=GPIO_Label
PE5.GPIO_Label=TS_ON_LED
PE5.Locked=true
PE5.Signal=GPIO_Output
PE6.GPIOParameters=GPIO_Label
PE6.GPIO_Label=R2D_LED
PE6.Locked=true
PE6.Signal=GPIO_Output
PE9.GPIOParameters=GPIO_Label
PE9.GPIO_Label=STATUS
PE9.Locked=true
PE9.Signal=GPIO_Output
PF1.GPIOParameters=GPIO_PuPd,GPIO_Label
PF1.GPIO_Label=TS_READY
PF1.GPIO_PuPd=GPIO_PULLDOWN
PF1.Locked=true
PF1.Signal=GPIO_Input
PF10.GPIOParameters=GPIO_PuPd,GPIO_Label
PF10.GPIO_Label=DRS_BTN
PF10.GPIO_PuPd=GPIO_PULLDOWN
PF10.Locked=true
PF10.Signal=GPIO_Input
PF14.GPIOParameters=GPIO_Label
PF14.GPIO_Label=TS_ON
PF14.Locked=true
PF14.Signal=GPIO_Output
PF15.GPIOParameters=GPIO_Label
PF15.GPIO_Label=R2D_SIREN
PF15.Locked=true
PF15.Signal=GPIO_Output
PF2.GPIOParameters=GPIO_PuPd,GPIO_Label
PF2.GPIO_Label=R2D_BTN
PF2.GPIO_PuPd=GPIO_PULLDOWN
PF2.Locked=true
PF2.Signal=GPIO_Input
PF3.GPIOParameters=GPIO_Label
PF3.GPIO_Label=SAGL
PF3.Locked=true
PF3.Signal=GPIO_Input
PF5.GPIOParameters=GPIO_PuPd,GPIO_Label
PF5.GPIO_Label=TS_ON_BTN
PF5.GPIO_PuPd=GPIO_PULLDOWN
PF5.Locked=true
PF5.Signal=GPIO_Input
PH0/OSC_IN.GPIOParameters=GPIO_Label
PH0/OSC_IN.GPIO_Label=MCO [STM32F103CBT6_PA8]
PH0/OSC_IN.Locked=true
PH0/OSC_IN.Mode=HSE-External-Oscillator
PH0/OSC_IN.Signal=RCC_OSC_IN
PH1/OSC_OUT.Locked=true
PH1/OSC_OUT.Mode=HSE-External-Oscillator
PH1/OSC_OUT.Signal=RCC_OSC_OUT
PinOutPanel.RotationAngle=0
ProjectManager.AskForMigrate=true
ProjectManager.BackupPrevious=false
ProjectManager.CompilerOptimize=6
ProjectManager.ComputerToolchain=false
ProjectManager.CoupleFile=true
ProjectManager.CustomerFirmwarePackage=
ProjectManager.DefaultFWLocation=true
ProjectManager.DeletePrevious=true
ProjectManager.DeviceId=STM32F746ZGTx
ProjectManager.FirmwarePackage=STM32Cube FW_F7 V1.17.2
ProjectManager.FreePins=false
ProjectManager.HalAssertFull=false
ProjectManager.HeapSize=0x200
ProjectManager.KeepUserCode=true
ProjectManager.LastFirmware=true
ProjectManager.LibraryCopy=0
ProjectManager.MainLocation=Core/Src
ProjectManager.NoMain=false
ProjectManager.PreviousToolchain=
ProjectManager.ProjectBuild=false
ProjectManager.ProjectFileName=VCU.ioc
ProjectManager.ProjectName=VCU
ProjectManager.ProjectStructure=
ProjectManager.RegisterCallBack=
ProjectManager.StackSize=0x400
ProjectManager.TargetToolchain=Makefile
ProjectManager.ToolChainLocation=
ProjectManager.UAScriptAfterPath=
ProjectManager.UAScriptBeforePath=
ProjectManager.UnderRoot=false
ProjectManager.functionlistsort=1-SystemClock_Config-RCC-false-HAL-false,2-MX_GPIO_Init-GPIO-false-HAL-true,3-MX_ADC3_Init-ADC3-false-HAL-true,4-MX_ADC1_Init-ADC1-false-HAL-true,5-MX_ADC2_Init-ADC2-false-HAL-true,6-MX_CAN1_Init-CAN1-false-HAL-true,7-MX_CAN2_Init-CAN2-false-HAL-true,8-MX_USART1_UART_Init-USART1-false-HAL-true,0-MX_CORTEX_M7_Init-CORTEX_M7-false-HAL-true
RCC.AHBFreq_Value=72000000
RCC.APB1CLKDivider=RCC_HCLK_DIV2
RCC.APB1Freq_Value=36000000
RCC.APB1TimFreq_Value=72000000
RCC.APB2Freq_Value=72000000
RCC.APB2TimFreq_Value=72000000
RCC.CECFreq_Value=32786.88524590164
RCC.CortexFreq_Value=72000000
RCC.EthernetFreq_Value=72000000
RCC.FCLKCortexFreq_Value=72000000
RCC.FLatency=FLASH_LATENCY_2
RCC.FamilyName=M
RCC.HCLKFreq_Value=72000000
RCC.HSE_VALUE=8000000
RCC.HSI_VALUE=16000000
RCC.I2C1Freq_Value=36000000
RCC.I2C2Freq_Value=36000000
RCC.I2C3Freq_Value=36000000
RCC.I2C4Freq_Value=36000000
RCC.I2SFreq_Value=192000000
RCC.IPParameters=AHBFreq_Value,APB1CLKDivider,APB1Freq_Value,APB1TimFreq_Value,APB2Freq_Value,APB2TimFreq_Value,CECFreq_Value,CortexFreq_Value,EthernetFreq_Value,FCLKCortexFreq_Value,FLatency,FamilyName,HCLKFreq_Value,HSE_VALUE,HSI_VALUE,I2C1Freq_Value,I2C2Freq_Value,I2C3Freq_Value,I2C4Freq_Value,I2SFreq_Value,LCDTFToutputFreq_Value,LPTIM1Freq_Value,LSE_VALUE,LSI_VALUE,MCO2PinFreq_Value,PLLCLKFreq_Value,PLLI2SPCLKFreq_Value,PLLI2SQCLKFreq_Value,PLLI2SRCLKFreq_Value,PLLI2SRoutputFreq_Value,PLLM,PLLN,PLLQ,PLLQCLKFreq_Value,PLLQoutputFreq_Value,PLLSAIPCLKFreq_Value,PLLSAIQCLKFreq_Value,PLLSAIRCLKFreq_Value,PLLSAIoutputFreq_Value,PLLSourceVirtual,RNGFreq_Value,SAI1Freq_Value,SAI2Freq_Value,SDMMCFreq_Value,SPDIFRXFreq_Value,SYSCLKFreq_VALUE,SYSCLKSource,UART4Freq_Value,UART5Freq_Value,UART7Freq_Value,UART8Freq_Value,USART1Freq_Value,USART2Freq_Value,USART3Freq_Value,USART6Freq_Value,USBFreq_Value,VCOI2SOutputFreq_Value,VCOInputFreq_Value,VCOOutputFreq_Value,VCOSAIOutputFreq_Value
RCC.LCDTFToutputFreq_Value=96000000
RCC.LPTIM1Freq_Value=36000000
RCC.LSE_VALUE=32768
RCC.LSI_VALUE=32000
RCC.MCO2PinFreq_Value=72000000
RCC.PLLCLKFreq_Value=72000000
RCC.PLLI2SPCLKFreq_Value=192000000
RCC.PLLI2SQCLKFreq_Value=192000000
RCC.PLLI2SRCLKFreq_Value=192000000
RCC.PLLI2SRoutputFreq_Value=192000000
RCC.PLLM=4
RCC.PLLN=72
RCC.PLLQ=3
RCC.PLLQCLKFreq_Value=48000000
RCC.PLLQoutputFreq_Value=48000000
RCC.PLLSAIPCLKFreq_Value=192000000
RCC.PLLSAIQCLKFreq_Value=192000000
RCC.PLLSAIRCLKFreq_Value=192000000
RCC.PLLSAIoutputFreq_Value=192000000
RCC.PLLSourceVirtual=RCC_PLLSOURCE_HSE
RCC.RNGFreq_Value=48000000
RCC.SAI1Freq_Value=192000000
RCC.SAI2Freq_Value=192000000
RCC.SDMMCFreq_Value=72000000
RCC.SPDIFRXFreq_Value=192000000
RCC.SYSCLKFreq_VALUE=72000000
RCC.SYSCLKSource=RCC_SYSCLKSOURCE_PLLCLK
RCC.UART4Freq_Value=36000000
RCC.UART5Freq_Value=36000000
RCC.UART7Freq_Value=36000000
RCC.UART8Freq_Value=36000000
RCC.USART1Freq_Value=72000000
RCC.USART2Freq_Value=36000000
RCC.USART3Freq_Value=36000000
RCC.USART6Freq_Value=72000000
RCC.USBFreq_Value=48000000
RCC.VCOI2SOutputFreq_Value=384000000
RCC.VCOInputFreq_Value=2000000
RCC.VCOOutputFreq_Value=144000000
RCC.VCOSAIOutputFreq_Value=384000000
SH.ADCx_IN10.0=ADC3_IN10,IN10
SH.ADCx_IN10.ConfNb=1
SH.ADCx_IN13.0=ADC2_IN13,IN13
SH.ADCx_IN13.ConfNb=1
SH.ADCx_IN3.0=ADC1_IN3,IN3
SH.ADCx_IN3.ConfNb=1
SH.GPXTI13.0=GPIO_EXTI13
SH.GPXTI13.ConfNb=1
STMicroelectronics.X-CUBE-AZRTOS-F7.1.1.0.IPParameters=TX_APP_MEM_POOL_SIZE,TX_DISABLE_PREEMPTION_THRESHOLD,TX_DISABLE_NOTIFY_CALLBACKS,TX_TIMER_TICKS_PER_SECOND,TX_SAFETY_CRITICAL,ThreadXCcRTOSJjThreadXJjCore,ThreadXCcRTOSJjThreadXJjPerformanceInfo,ThreadXCcRTOSJjThreadXJjTraceXOosupport,ThreadXCcRTOSJjThreadXJjLowOoPowerOosupport
STMicroelectronics.X-CUBE-AZRTOS-F7.1.1.0.RTOSJjThreadX_Checked=true
STMicroelectronics.X-CUBE-AZRTOS-F7.1.1.0.TX_APP_MEM_POOL_SIZE=16384
STMicroelectronics.X-CUBE-AZRTOS-F7.1.1.0.TX_DISABLE_NOTIFY_CALLBACKS=0
STMicroelectronics.X-CUBE-AZRTOS-F7.1.1.0.TX_DISABLE_PREEMPTION_THRESHOLD=0
STMicroelectronics.X-CUBE-AZRTOS-F7.1.1.0.TX_SAFETY_CRITICAL=1
STMicroelectronics.X-CUBE-AZRTOS-F7.1.1.0.TX_TIMER_TICKS_PER_SECOND=1000
STMicroelectronics.X-CUBE-AZRTOS-F7.1.1.0.ThreadXCcRTOSJjThreadXJjCore=true
STMicroelectronics.X-CUBE-AZRTOS-F7.1.1.0.ThreadXCcRTOSJjThreadXJjLowOoPowerOosupport=true
STMicroelectronics.X-CUBE-AZRTOS-F7.1.1.0.ThreadXCcRTOSJjThreadXJjPerformanceInfo=true
STMicroelectronics.X-CUBE-AZRTOS-F7.1.1.0.ThreadXCcRTOSJjThreadXJjTraceXOosupport=true
STMicroelectronics.X-CUBE-AZRTOS-F7.1.1.0_IsAnAzureRtosMw=true
STMicroelectronics.X-CUBE-AZRTOS-F7.1.1.0_SwParameter=ThreadXCcRTOSJjThreadXJjLowOoPowerOosupport\:true;ThreadXCcRTOSJjThreadXJjPerformanceInfo\:true;ThreadXCcRTOSJjThreadXJjTraceXOosupport\:true;ThreadXCcRTOSJjThreadXJjCore\:true;
USART1.IPParameters=VirtualMode-Asynchronous
USART1.VirtualMode-Asynchronous=VM_ASYNC
VP_STMicroelectronics.X-CUBE-AZRTOS-F7_VS_RTOSJjThreadX_6.1.10_1.1.0.Mode=RTOSJjThreadX
VP_STMicroelectronics.X-CUBE-AZRTOS-F7_VS_RTOSJjThreadX_6.1.10_1.1.0.Signal=STMicroelectronics.X-CUBE-AZRTOS-F7_VS_RTOSJjThreadX_6.1.10_1.1.0
VP_SYS_VS_tim3.Mode=TIM3
VP_SYS_VS_tim3.Signal=SYS_VS_tim3
board=NUCLEO-F746ZG
